
Microsoft Visual Studio Solution File, Format Version 12.00
# Visual Studio Version 17
VisualStudioVersion = 17.7.34024.191
MinimumVisualStudioVersion = 10.0.40219.1
Project("{9A19103F-16F7-4668-BE54-9A1E7A4F7556}") = "UnityTools", "UnityTools.csproj", "{3717CFD8-FB79-4579-9E95-2D042CE67CBE}"
EndProject
Global
	GlobalSection(SolutionConfigurationPlatforms) = preSolution
		Debug|Any CPU = Debug|Any CPU
		Release|Any CPU = Release|Any CPU
	EndGlobalSection
	GlobalSection(ProjectConfigurationPlatforms) = postSolution
		{3717CFD8-FB79-4579-9E95-2D042CE67CBE}.Debug|Any CPU.ActiveCfg = Debug|Any CPU
		{3717CFD8-FB79-4579-9E95-2D042CE67CBE}.Debug|Any CPU.Build.0 = Debug|Any CPU
		{3717CFD8-FB79-4579-9E95-2D042CE67CBE}.Release|Any CPU.ActiveCfg = Release|Any CPU
		{3717CFD8-FB79-4579-9E95-2D042CE67CBE}.Release|Any CPU.Build.0 = Release|Any CPU
	EndGlobalSection
	GlobalSection(SolutionProperties) = preSolution
		HideSolutionNode = FALSE
	EndGlobalSection
	GlobalSection(ExtensibilityGlobals) = postSolution
		SolutionGuid = {ACB2D5E1-749B-4DAC-954F-76E2764F7E58}
	EndGlobalSection
EndGlobal
